
Microsoft Visual Studio Solution File, Format Version 12.00
# Visual Studio Version 17
VisualStudioVersion = 17.10.35004.147
MinimumVisualStudioVersion = 10.0.40219.1
Project("{FAE04EC0-301F-11D3-BF4B-00C04F79EFBC}") = "SiGeP", "SiGeP\SiGeP.csproj", "{F86D740A-04DF-4559-A271-37AF7F1DF69D}"
EndProject
Global
	GlobalSection(SolutionConfigurationPlatforms) = preSolution
		Debug|Any CPU = Debug|Any CPU
		Release|Any CPU = Release|Any CPU
	EndGlobalSection
	GlobalSection(ProjectConfigurationPlatforms) = postSolution
		{F86D740A-04DF-4559-A271-37AF7F1DF69D}.Debug|Any CPU.ActiveCfg = Debug|Any CPU
		{F86D740A-04DF-4559-A271-37AF7F1DF69D}.Debug|Any CPU.Build.0 = Debug|Any CPU
		{F86D740A-04DF-4559-A271-37AF7F1DF69D}.Release|Any CPU.ActiveCfg = Release|Any CPU
		{F86D740A-04DF-4559-A271-37AF7F1DF69D}.Release|Any CPU.Build.0 = Release|Any CPU
	EndGlobalSection
	GlobalSection(SolutionProperties) = preSolution
		HideSolutionNode = FALSE
	EndGlobalSection
	GlobalSection(ExtensibilityGlobals) = postSolution
		SolutionGuid = {6DAF3C2D-CFFA-4CB6-B51A-0D00D09C4145}
	EndGlobalSection
EndGlobal
